// !$*UTF8*$!
{
	archiveVersion = 1;
	classes = {
	};
	objectVersion = 50;
	objects = {

/* Begin PBXBuildFile section */
		D30F399F20E4FA99005CD9F8 /* PreviewView.swift in Sources */ = {isa = PBXBuildFile; fileRef = D30F399E20E4FA99005CD9F8 /* PreviewView.swift */; };
		D31148EC20F36A7600A3B6E7 /* CGImagePropertyOrientation.swift in Sources */ = {isa = PBXBuildFile; fileRef = D31148EB20F36A7600A3B6E7 /* CGImagePropertyOrientation.swift */; };
		D31148EE20F36B2900A3B6E7 /* old_polish_cars.mlmodel in Sources */ = {isa = PBXBuildFile; fileRef = D31148ED20F36B2900A3B6E7 /* old_polish_cars.mlmodel */; };
		D3412EFA20E2300C00E4FF78 /* AppDelegate.swift in Sources */ = {isa = PBXBuildFile; fileRef = D3412EF920E2300C00E4FF78 /* AppDelegate.swift */; };
		D3412EFC20E2300C00E4FF78 /* ViewController.swift in Sources */ = {isa = PBXBuildFile; fileRef = D3412EFB20E2300C00E4FF78 /* ViewController.swift */; };
		D3412EFF20E2300C00E4FF78 /* Main.storyboard in Resources */ = {isa = PBXBuildFile; fileRef = D3412EFD20E2300C00E4FF78 /* Main.storyboard */; };
		D3412F0120E2300D00E4FF78 /* Assets.xcassets in Resources */ = {isa = PBXBuildFile; fileRef = D3412F0020E2300D00E4FF78 /* Assets.xcassets */; };
		D3412F0420E2300D00E4FF78 /* LaunchScreen.storyboard in Resources */ = {isa = PBXBuildFile; fileRef = D3412F0220E2300D00E4FF78 /* LaunchScreen.storyboard */; };
		D3412F0F20E2300D00E4FF78 /* CameraRetrainedTests.swift in Sources */ = {isa = PBXBuildFile; fileRef = D3412F0E20E2300D00E4FF78 /* CameraRetrainedTests.swift */; };
/* End PBXBuildFile section */

/* Begin PBXContainerItemProxy section */
		D3412F0B20E2300D00E4FF78 /* PBXContainerItemProxy */ = {
			isa = PBXContainerItemProxy;
			containerPortal = D3412EEE20E2300C00E4FF78 /* Project object */;
			proxyType = 1;
			remoteGlobalIDString = D3412EF520E2300C00E4FF78;
			remoteInfo = CameraRetrained;
		};
/* End PBXContainerItemProxy section */

/* Begin PBXFileReference section */
		D30F399E20E4FA99005CD9F8 /* PreviewView.swift */ = {isa = PBXFileReference; lastKnownFileType = sourcecode.swift; path = PreviewView.swift; sourceTree = "<group>"; };
		D31148EB20F36A7600A3B6E7 /* CGImagePropertyOrientation.swift */ = {isa = PBXFileReference; lastKnownFileType = sourcecode.swift; path = CGImagePropertyOrientation.swift; sourceTree = "<group>"; };
		D31148ED20F36B2900A3B6E7 /* old_polish_cars.mlmodel */ = {isa = PBXFileReference; lastKnownFileType = file.mlmodel; path = old_polish_cars.mlmodel; sourceTree = "<group>"; };
		D3412EF620E2300C00E4FF78 /* CameraRetrained.app */ = {isa = PBXFileReference; explicitFileType = wrapper.application; includeInIndex = 0; path = CameraRetrained.app; sourceTree = BUILT_PRODUCTS_DIR; };
		D3412EF920E2300C00E4FF78 /* AppDelegate.swift */ = {isa = PBXFileReference; lastKnownFileType = sourcecode.swift; path = AppDelegate.swift; sourceTree = "<group>"; };
		D3412EFB20E2300C00E4FF78 /* ViewController.swift */ = {isa = PBXFileReference; lastKnownFileType = sourcecode.swift; path = ViewController.swift; sourceTree = "<group>"; };
		D3412EFE20E2300C00E4FF78 /* Base */ = {isa = PBXFileReference; lastKnownFileType = file.storyboard; name = Base; path = Base.lproj/Main.storyboard; sourceTree = "<group>"; };
		D3412F0020E2300D00E4FF78 /* Assets.xcassets */ = {isa = PBXFileReference; lastKnownFileType = folder.assetcatalog; path = Assets.xcassets; sourceTree = "<group>"; };
		D3412F0320E2300D00E4FF78 /* Base */ = {isa = PBXFileReference; lastKnownFileType = file.storyboard; name = Base; path = Base.lproj/LaunchScreen.storyboard; sourceTree = "<group>"; };
		D3412F0520E2300D00E4FF78 /* Info.plist */ = {isa = PBXFileReference; lastKnownFileType = text.plist.xml; path = Info.plist; sourceTree = "<group>"; };
		D3412F0A20E2300D00E4FF78 /* CameraRetrainedTests.xctest */ = {isa = PBXFileReference; explicitFileType = wrapper.cfbundle; includeInIndex = 0; path = CameraRetrainedTests.xctest; sourceTree = BUILT_PRODUCTS_DIR; };
		D3412F0E20E2300D00E4FF78 /* CameraRetrainedTests.swift */ = {isa = PBXFileReference; lastKnownFileType = sourcecode.swift; path = CameraRetrainedTests.swift; sourceTree = "<group>"; };
		D3412F1020E2300D00E4FF78 /* Info.plist */ = {isa = PBXFileReference; lastKnownFileType = text.plist.xml; path = Info.plist; sourceTree = "<group>"; };
/* End PBXFileReference section */

/* Begin PBXFrameworksBuildPhase section */
		D3412EF320E2300C00E4FF78 /* Frameworks */ = {
			isa = PBXFrameworksBuildPhase;
			buildActionMask = 2147483647;
			files = (
			);
			runOnlyForDeploymentPostprocessing = 0;
		};
		D3412F0720E2300D00E4FF78 /* Frameworks */ = {
			isa = PBXFrameworksBuildPhase;
			buildActionMask = 2147483647;
			files = (
			);
			runOnlyForDeploymentPostprocessing = 0;
		};
/* End PBXFrameworksBuildPhase section */

/* Begin PBXGroup section */
		D3412EED20E2300C00E4FF78 = {
			isa = PBXGroup;
			children = (
				D3412EF820E2300C00E4FF78 /* CameraRetrained */,
				D3412F0D20E2300D00E4FF78 /* CameraRetrainedTests */,
				D3412EF720E2300C00E4FF78 /* Products */,
			);
			sourceTree = "<group>";
		};
		D3412EF720E2300C00E4FF78 /* Products */ = {
			isa = PBXGroup;
			children = (
				D3412EF620E2300C00E4FF78 /* CameraRetrained.app */,
				D3412F0A20E2300D00E4FF78 /* CameraRetrainedTests.xctest */,
			);
			name = Products;
			sourceTree = "<group>";
		};
		D3412EF820E2300C00E4FF78 /* CameraRetrained */ = {
			isa = PBXGroup;
			children = (
				D3412EF920E2300C00E4FF78 /* AppDelegate.swift */,
				D31148EB20F36A7600A3B6E7 /* CGImagePropertyOrientation.swift */,
				D30F399E20E4FA99005CD9F8 /* PreviewView.swift */,
				D3412EFB20E2300C00E4FF78 /* ViewController.swift */,
				D31148ED20F36B2900A3B6E7 /* old_polish_cars.mlmodel */,
				D3412EFD20E2300C00E4FF78 /* Main.storyboard */,
				D3412F0020E2300D00E4FF78 /* Assets.xcassets */,
				D3412F0220E2300D00E4FF78 /* LaunchScreen.storyboard */,
				D3412F0520E2300D00E4FF78 /* Info.plist */,
			);
			path = CameraRetrained;
			sourceTree = "<group>";
		};
		D3412F0D20E2300D00E4FF78 /* CameraRetrainedTests */ = {
			isa = PBXGroup;
			children = (
				D3412F0E20E2300D00E4FF78 /* CameraRetrainedTests.swift */,
				D3412F1020E2300D00E4FF78 /* Info.plist */,
			);
			path = CameraRetrainedTests;
			sourceTree = "<group>";
		};
/* End PBXGroup section */

/* Begin PBXNativeTarget section */
		D3412EF520E2300C00E4FF78 /* CameraRetrained */ = {
			isa = PBXNativeTarget;
			buildConfigurationList = D3412F1320E2300D00E4FF78 /* Build configuration list for PBXNativeTarget "CameraRetrained" */;
			buildPhases = (
				D3412EF220E2300C00E4FF78 /* Sources */,
				D3412EF320E2300C00E4FF78 /* Frameworks */,
				D3412EF420E2300C00E4FF78 /* Resources */,
			);
			buildRules = (
			);
			dependencies = (
			);
			name = CameraRetrained;
			productName = CameraRetrained;
			productReference = D3412EF620E2300C00E4FF78 /* CameraRetrained.app */;
			productType = "com.apple.product-type.application";
		};
		D3412F0920E2300D00E4FF78 /* CameraRetrainedTests */ = {
			isa = PBXNativeTarget;
			buildConfigurationList = D3412F1620E2300D00E4FF78 /* Build configuration list for PBXNativeTarget "CameraRetrainedTests" */;
			buildPhases = (
				D3412F0620E2300D00E4FF78 /* Sources */,
				D3412F0720E2300D00E4FF78 /* Frameworks */,
				D3412F0820E2300D00E4FF78 /* Resources */,
			);
			buildRules = (
			);
			dependencies = (
				D3412F0C20E2300D00E4FF78 /* PBXTargetDependency */,
			);
			name = CameraRetrainedTests;
			productName = CameraRetrainedTests;
			productReference = D3412F0A20E2300D00E4FF78 /* CameraRetrainedTests.xctest */;
			productType = "com.apple.product-type.bundle.unit-test";
		};
/* End PBXNativeTarget section */

/* Begin PBXProject section */
		D3412EEE20E2300C00E4FF78 /* Project object */ = {
			isa = PBXProject;
			attributes = {
				LastSwiftUpdateCheck = 0940;
				LastUpgradeCheck = 0940;
				ORGANIZATIONNAME = Marcin;
				TargetAttributes = {
					D3412EF520E2300C00E4FF78 = {
						CreatedOnToolsVersion = 9.4.1;
					};
					D3412F0920E2300D00E4FF78 = {
						CreatedOnToolsVersion = 9.4.1;
						TestTargetID = D3412EF520E2300C00E4FF78;
					};
				};
			};
			buildConfigurationList = D3412EF120E2300C00E4FF78 /* Build configuration list for PBXProject "CameraRetrained" */;
			compatibilityVersion = "Xcode 9.3";
			developmentRegion = en;
			hasScannedForEncodings = 0;
			knownRegions = (
				en,
				Base,
			);
			mainGroup = D3412EED20E2300C00E4FF78;
			productRefGroup = D3412EF720E2300C00E4FF78 /* Products */;
			projectDirPath = "";
			projectRoot = "";
			targets = (
				D3412EF520E2300C00E4FF78 /* CameraRetrained */,
				D3412F0920E2300D00E4FF78 /* CameraRetrainedTests */,
			);
		};
/* End PBXProject section */

/* Begin PBXResourcesBuildPhase section */
		D3412EF420E2300C00E4FF78 /* Resources */ = {
			isa = PBXResourcesBuildPhase;
			buildActionMask = 2147483647;
			files = (
				D3412F0420E2300D00E4FF78 /* LaunchScreen.storyboard in Resources */,
				D3412F0120E2300D00E4FF78 /* Assets.xcassets in Resources */,
				D3412EFF20E2300C00E4FF78 /* Main.storyboard in Resources */,
			);
			runOnlyForDeploymentPostprocessing = 0;
		};
		D3412F0820E2300D00E4FF78 /* Resources */ = {
			isa = PBXResourcesBuildPhase;
			buildActionMask = 2147483647;
			files = (
			);
			runOnlyForDeploymentPostprocessing = 0;
		};
/* End PBXResourcesBuildPhase section */

/* Begin PBXSourcesBuildPhase section */
		D3412EF220E2300C00E4FF78 /* Sources */ = {
			isa = PBXSourcesBuildPhase;
			buildActionMask = 2147483647;
			files = (
				D3412EFC20E2300C00E4FF78 /* ViewController.swift in Sources */,
				D3412EFA20E2300C00E4FF78 /* AppDelegate.swift in Sources */,
				D31148EC20F36A7600A3B6E7 /* CGImagePropertyOrientation.swift in Sources */,
				D30F399F20E4FA99005CD9F8 /* PreviewView.swift in Sources */,
				D31148EE20F36B2900A3B6E7 /* old_polish_cars.mlmodel in Sources */,
			);
			runOnlyForDeploymentPostprocessing = 0;
		};
		D3412F0620E2300D00E4FF78 /* Sources */ = {
			isa = PBXSourcesBuildPhase;
			buildActionMask = 2147483647;
			files = (
				D3412F0F20E2300D00E4FF78 /* CameraRetrainedTests.swift in Sources */,
			);
			runOnlyForDeploymentPostprocessing = 0;
		};
/* End PBXSourcesBuildPhase section */

/* Begin PBXTargetDependency section */
		D3412F0C20E2300D00E4FF78 /* PBXTargetDependency */ = {
			isa = PBXTargetDependency;
			target = D3412EF520E2300C00E4FF78 /* CameraRetrained */;
			targetProxy = D3412F0B20E2300D00E4FF78 /* PBXContainerItemProxy */;
		};
/* End PBXTargetDependency section */

/* Begin PBXVariantGroup section */
		D3412EFD20E2300C00E4FF78 /* Main.storyboard */ = {
			isa = PBXVariantGroup;
			children = (
				D3412EFE20E2300C00E4FF78 /* Base */,
			);
			name = Main.storyboard;
			sourceTree = "<group>";
		};
		D3412F0220E2300D00E4FF78 /* LaunchScreen.storyboard */ = {
			isa = PBXVariantGroup;
			children = (
				D3412F0320E2300D00E4FF78 /* Base */,
			);
			name = LaunchScreen.storyboard;
			sourceTree = "<group>";
		};
/* End PBXVariantGroup section */

/* Begin XCBuildConfiguration section */
		D3412F1120E2300D00E4FF78 /* Debug */ = {
			isa = XCBuildConfiguration;
			buildSettings = {
				ALWAYS_SEARCH_USER_PATHS = NO;
				CLANG_ANALYZER_NONNULL = YES;
				CLANG_ANALYZER_NUMBER_OBJECT_CONVERSION = YES_AGGRESSIVE;
				CLANG_CXX_LANGUAGE_STANDARD = "gnu++14";
				CLANG_CXX_LIBRARY = "libc++";
				CLANG_ENABLE_MODULES = YES;
				CLANG_ENABLE_OBJC_ARC = YES;
				CLANG_ENABLE_OBJC_WEAK = YES;
				CLANG_WARN_BLOCK_CAPTURE_AUTORELEASING = YES;
				CLANG_WARN_BOOL_CONVERSION = YES;
				CLANG_WARN_COMMA = YES;
				CLANG_WARN_CONSTANT_CONVERSION = YES;
				CLANG_WARN_DEPRECATED_OBJC_IMPLEMENTATIONS = YES;
				CLANG_WARN_DIRECT_OBJC_ISA_USAGE = YES_ERROR;
				CLANG_WARN_DOCUMENTATION_COMMENTS = YES;
				CLANG_WARN_EMPTY_BODY = YES;
				CLANG_WARN_ENUM_CONVERSION = YES;
				CLANG_WARN_INFINITE_RECURSION = YES;
				CLANG_WARN_INT_CONVERSION = YES;
				CLANG_WARN_NON_LITERAL_NULL_CONVERSION = YES;
				CLANG_WARN_OBJC_IMPLICIT_RETAIN_SELF = YES;
				CLANG_WARN_OBJC_LITERAL_CONVERSION = YES;
				CLANG_WARN_OBJC_ROOT_CLASS = YES_ERROR;
				CLANG_WARN_RANGE_LOOP_ANALYSIS = YES;
				CLANG_WARN_STRICT_PROTOTYPES = YES;
				CLANG_WARN_SUSPICIOUS_MOVE = YES;
				CLANG_WARN_UNGUARDED_AVAILABILITY = YES_AGGRESSIVE;
				CLANG_WARN_UNREACHABLE_CODE = YES;
				CLANG_WARN__DUPLICATE_METHOD_MATCH = YES;
				CODE_SIGN_IDENTITY = "iPhone Developer";
				COPY_PHASE_STRIP = NO;
				DEBUG_INFORMATION_FORMAT = dwarf;
				ENABLE_STRICT_OBJC_MSGSEND = YES;
				ENABLE_TESTABILITY = YES;
				GCC_C_LANGUAGE_STANDARD = gnu11;
				GCC_DYNAMIC_NO_PIC = NO;
				GCC_NO_COMMON_BLOCKS = YES;
				GCC_OPTIMIZATION_LEVEL = 0;
				GCC_PREPROCESSOR_DEFINITIONS = (
					"DEBUG=1",
					"$(inherited)",
				);
				GCC_WARN_64_TO_32_BIT_CONVERSION = YES;
				GCC_WARN_ABOUT_RETURN_TYPE = YES_ERROR;
				GCC_WARN_UNDECLARED_SELECTOR = YES;
				GCC_WARN_UNINITIALIZED_AUTOS = YES_AGGRESSIVE;
				GCC_WARN_UNUSED_FUNCTION = YES;
				GCC_WARN_UNUSED_VARIABLE = YES;
				IPHONEOS_DEPLOYMENT_TARGET = 11.0;
				MTL_ENABLE_DEBUG_INFO = YES;
				ONLY_ACTIVE_ARCH = YES;
				SDKROOT = iphoneos;
				SWIFT_ACTIVE_COMPILATION_CONDITIONS = DEBUG;
				SWIFT_OPTIMIZATION_LEVEL = "-Onone";
			};
			name = Debug;
		};
		D3412F1220E2300D00E4FF78 /* Release */ = {
			isa = XCBuildConfiguration;
			buildSettings = {
				ALWAYS_SEARCH_USER_PATHS = NO;
				CLANG_ANALYZER_NONNULL = YES;
				CLANG_ANALYZER_NUMBER_OBJECT_CONVERSION = YES_AGGRESSIVE;
				CLANG_CXX_LANGUAGE_STANDARD = "gnu++14";
				CLANG_CXX_LIBRARY = "libc++";
				CLANG_ENABLE_MODULES = YES;
				CLANG_ENABLE_OBJC_ARC = YES;
				CLANG_ENABLE_OBJC_WEAK = YES;
				CLANG_WARN_BLOCK_CAPTURE_AUTORELEASING = YES;
				CLANG_WARN_BOOL_CONVERSION = YES;
				CLANG_WARN_COMMA = YES;
				CLANG_WARN_CONSTANT_CONVERSION = YES;
				CLANG_WARN_DEPRECATED_OBJC_IMPLEMENTATIONS = YES;
				CLANG_WARN_DIRECT_OBJC_ISA_USAGE = YES_ERROR;
				CLANG_WARN_DOCUMENTATION_COMMENTS = YES;
				CLANG_WARN_EMPTY_BODY = YES;
				CLANG_WARN_ENUM_CONVERSION = YES;
				CLANG_WARN_INFINITE_RECURSION = YES;
				CLANG_WARN_INT_CONVERSION = YES;
				CLANG_WARN_NON_LITERAL_NULL_CONVERSION = YES;
				CLANG_WARN_OBJC_IMPLICIT_RETAIN_SELF = YES;
				CLANG_WARN_OBJC_LITERAL_CONVERSION = YES;
				CLANG_WARN_OBJC_ROOT_CLASS = YES_ERROR;
				CLANG_WARN_RANGE_LOOP_ANALYSIS = YES;
				CLANG_WARN_STRICT_PROTOTYPES = YES;
				CLANG_WARN_SUSPICIOUS_MOVE = YES;
				CLANG_WARN_UNGUARDED_AVAILABILITY = YES_AGGRESSIVE;
				CLANG_WARN_UNREACHABLE_CODE = YES;
				CLANG_WARN__DUPLICATE_METHOD_MATCH = YES;
				CODE_SIGN_IDENTITY = "iPhone Developer";
				COPY_PHASE_STRIP = NO;
				DEBUG_INFORMATION_FORMAT = "dwarf-with-dsym";
				ENABLE_NS_ASSERTIONS = NO;
				ENABLE_STRICT_OBJC_MSGSEND = YES;
				GCC_C_LANGUAGE_STANDARD = gnu11;
				GCC_NO_COMMON_BLOCKS = YES;
				GCC_WARN_64_TO_32_BIT_CONVERSION = YES;
				GCC_WARN_ABOUT_RETURN_TYPE = YES_ERROR;
				GCC_WARN_UNDECLARED_SELECTOR = YES;
				GCC_WARN_UNINITIALIZED_AUTOS = YES_AGGRESSIVE;
				GCC_WARN_UNUSED_FUNCTION = YES;
				GCC_WARN_UNUSED_VARIABLE = YES;
				IPHONEOS_DEPLOYMENT_TARGET = 11.0;
				MTL_ENABLE_DEBUG_INFO = NO;
				SDKROOT = iphoneos;
				SWIFT_COMPILATION_MODE = wholemodule;
				SWIFT_OPTIMIZATION_LEVEL = "-O";
				VALIDATE_PRODUCT = YES;
			};
			name = Release;
		};
		D3412F1420E2300D00E4FF78 /* Debug */ = {
			isa = XCBuildConfiguration;
			buildSettings = {
				ASSETCATALOG_COMPILER_APPICON_NAME = AppIcon;
				CODE_SIGN_STYLE = Automatic;
				INFOPLIST_FILE = CameraRetrained/Info.plist;
				IPHONEOS_DEPLOYMENT_TARGET = 11.0;
				LD_RUNPATH_SEARCH_PATHS = (
					"$(inherited)",
					"@executable_path/Frameworks",
				);
				PRODUCT_BUNDLE_IDENTIFIER = mnsoftware16.CameraRetrained;
				PRODUCT_NAME = "$(TARGET_NAME)";
				SWIFT_VERSION = 4.0;
				TARGETED_DEVICE_FAMILY = "1,2";
			};
			name = Debug;
		};
		D3412F1520E2300D00E4FF78 /* Release */ = {
			isa = XCBuildConfiguration;
			buildSettings = {
				ASSETCATALOG_COMPILER_APPICON_NAME = AppIcon;
				CODE_SIGN_STYLE = Automatic;
				INFOPLIST_FILE = CameraRetrained/Info.plist;
				IPHONEOS_DEPLOYMENT_TARGET = 11.0;
				LD_RUNPATH_SEARCH_PATHS = (
					"$(inherited)",
					"@executable_path/Frameworks",
				);
				PRODUCT_BUNDLE_IDENTIFIER = mnsoftware16.CameraRetrained;
				PRODUCT_NAME = "$(TARGET_NAME)";
				SWIFT_VERSION = 4.0;
				TARGETED_DEVICE_FAMILY = "1,2";
			};
			name = Release;
		};
		D3412F1720E2300D00E4FF78 /* Debug */ = {
			isa = XCBuildConfiguration;
			buildSettings = {
				ALWAYS_EMBED_SWIFT_STANDARD_LIBRARIES = YES;
				BUNDLE_LOADER = "$(TEST_HOST)";
				CODE_SIGN_STYLE = Automatic;
				INFOPLIST_FILE = CameraRetrainedTests/Info.plist;
				LD_RUNPATH_SEARCH_PATHS = (
					"$(inherited)",
					"@executable_path/Frameworks",
					"@loader_path/Frameworks",
				);
				PRODUCT_BUNDLE_IDENTIFIER = mnsoftware16.CameraRetrainedTests;
				PRODUCT_NAME = "$(TARGET_NAME)";
				SWIFT_VERSION = 4.0;
				TARGETED_DEVICE_FAMILY = "1,2";
				TEST_HOST = "$(BUILT_PRODUCTS_DIR)/CameraRetrained.app/CameraRetrained";
			};
			name = Debug;
		};
		D3412F1820E2300D00E4FF78 /* Release */ = {
			isa = XCBuildConfiguration;
			buildSettings = {
				ALWAYS_EMBED_SWIFT_STANDARD_LIBRARIES = YES;
				BUNDLE_LOADER = "$(TEST_HOST)";
				CODE_SIGN_STYLE = Automatic;
				INFOPLIST_FILE = CameraRetrainedTests/Info.plist;
				LD_RUNPATH_SEARCH_PATHS = (
					"$(inherited)",
					"@executable_path/Frameworks",
					"@loader_path/Frameworks",
				);
				PRODUCT_BUNDLE_IDENTIFIER = mnsoftware16.CameraRetrainedTests;
				PRODUCT_NAME = "$(TARGET_NAME)";
				SWIFT_VERSION = 4.0;
				TARGETED_DEVICE_FAMILY = "1,2";
				TEST_HOST = "$(BUILT_PRODUCTS_DIR)/CameraRetrained.app/CameraRetrained";
			};
			name = Release;
		};
/* End XCBuildConfiguration section */

/* Begin XCConfigurationList section */
		D3412EF120E2300C00E4FF78 /* Build configuration list for PBXProject "CameraRetrained" */ = {
			isa = XCConfigurationList;
			buildConfigurations = (
				D3412F1120E2300D00E4FF78 /* Debug */,
				D3412F1220E2300D00E4FF78 /* Release */,
			);
			defaultConfigurationIsVisible = 0;
			defaultConfigurationName = Release;
		};
		D3412F1320E2300D00E4FF78 /* Build configuration list for PBXNativeTarget "CameraRetrained" */ = {
			isa = XCConfigurationList;
			buildConfigurations = (
				D3412F1420E2300D00E4FF78 /* Debug */,
				D3412F1520E2300D00E4FF78 /* Release */,
			);
			defaultConfigurationIsVisible = 0;
			defaultConfigurationName = Release;
		};
		D3412F1620E2300D00E4FF78 /* Build configuration list for PBXNativeTarget "CameraRetrainedTests" */ = {
			isa = XCConfigurationList;
			buildConfigurations = (
				D3412F1720E2300D00E4FF78 /* Debug */,
				D3412F1820E2300D00E4FF78 /* Release */,
			);
			defaultConfigurationIsVisible = 0;
			defaultConfigurationName = Release;
		};
/* End XCConfigurationList section */
	};
	rootObject = D3412EEE20E2300C00E4FF78 /* Project object */;
}
